
Microsoft Visual Studio Solution File, Format Version 12.00
# Visual Studio Version 17
VisualStudioVersion = 17.9.34728.123
MinimumVisualStudioVersion = 10.0.40219.1
Project("{FAE04EC0-301F-11D3-BF4B-00C04F79EFBC}") = "NullPatten", "NullPatten\NullPatten.csproj", "{899B2CE0-AE5D-431B-B7FE-BD101A2CD5A6}"
EndProject
Global
	GlobalSection(SolutionConfigurationPlatforms) = preSolution
		Debug|Any CPU = Debug|Any CPU
		Release|Any CPU = Release|Any CPU
	EndGlobalSection
	GlobalSection(ProjectConfigurationPlatforms) = postSolution
		{899B2CE0-AE5D-431B-B7FE-BD101A2CD5A6}.Debug|Any CPU.ActiveCfg = Debug|Any CPU
		{899B2CE0-AE5D-431B-B7FE-BD101A2CD5A6}.Debug|Any CPU.Build.0 = Debug|Any CPU
		{899B2CE0-AE5D-431B-B7FE-BD101A2CD5A6}.Release|Any CPU.ActiveCfg = Release|Any CPU
		{899B2CE0-AE5D-431B-B7FE-BD101A2CD5A6}.Release|Any CPU.Build.0 = Release|Any CPU
	EndGlobalSection
	GlobalSection(SolutionProperties) = preSolution
		HideSolutionNode = FALSE
	EndGlobalSection
	GlobalSection(ExtensibilityGlobals) = postSolution
		SolutionGuid = {35A5A202-B5C6-4699-8DE7-3111839A885D}
	EndGlobalSection
EndGlobal
